
Microsoft Visual Studio Solution File, Format Version 12.00
# Visual Studio 2013
VisualStudioVersion = 12.0.21005.1
MinimumVisualStudioVersion = 10.0.40219.1
Project("{FAE04EC0-301F-11D3-BF4B-00C04F79EFBC}") = "CyberShop.Common", "CyberShop.Common\CyberShop.Common.csproj", "{ACD1EE1A-D048-459D-BC7F-654330E22B6B}"
EndProject
Project("{FAE04EC0-301F-11D3-BF4B-00C04F79EFBC}") = "CyberShop.Model", "CyberShop.Model\CyberShop.Model.csproj", "{92DB6081-E7FF-40E9-89A0-7720D4623DEC}"
EndProject
Project("{FAE04EC0-301F-11D3-BF4B-00C04F79EFBC}") = "CyberShop.Data", "CyberShop.Data\CyberShop.Data.csproj", "{EE4F1F3E-5976-4D7A-A16E-6E21F07485BF}"
EndProject
Project("{FAE04EC0-301F-11D3-BF4B-00C04F79EFBC}") = "CyberShop.Service", "CyberShop.Service\CyberShop.Service.csproj", "{A609D635-CB48-4C25-9687-3CFA6702B06C}"
EndProject
Project("{FAE04EC0-301F-11D3-BF4B-00C04F79EFBC}") = "CyberShop.WebApp", "CyberShop.WebApp\CyberShop.WebApp.csproj", "{C54E35DE-DC0F-49C4-9A43-A35A006DF532}"
EndProject
Project("{FAE04EC0-301F-11D3-BF4B-00C04F79EFBC}") = "CyberShop.UnitTest", "CyberShop.UnitTest\CyberShop.UnitTest.csproj", "{D1A133CB-6EFE-4D3A-A88D-D8696173DE02}"
EndProject
Global
	GlobalSection(SolutionConfigurationPlatforms) = preSolution
		Debug|Any CPU = Debug|Any CPU
		Release|Any CPU = Release|Any CPU
	EndGlobalSection
	GlobalSection(ProjectConfigurationPlatforms) = postSolution
		{ACD1EE1A-D048-459D-BC7F-654330E22B6B}.Debug|Any CPU.ActiveCfg = Debug|Any CPU
		{ACD1EE1A-D048-459D-BC7F-654330E22B6B}.Debug|Any CPU.Build.0 = Debug|Any CPU
		{ACD1EE1A-D048-459D-BC7F-654330E22B6B}.Release|Any CPU.ActiveCfg = Release|Any CPU
		{ACD1EE1A-D048-459D-BC7F-654330E22B6B}.Release|Any CPU.Build.0 = Release|Any CPU
		{92DB6081-E7FF-40E9-89A0-7720D4623DEC}.Debug|Any CPU.ActiveCfg = Debug|Any CPU
		{92DB6081-E7FF-40E9-89A0-7720D4623DEC}.Debug|Any CPU.Build.0 = Debug|Any CPU
		{92DB6081-E7FF-40E9-89A0-7720D4623DEC}.Release|Any CPU.ActiveCfg = Release|Any CPU
		{92DB6081-E7FF-40E9-89A0-7720D4623DEC}.Release|Any CPU.Build.0 = Release|Any CPU
		{EE4F1F3E-5976-4D7A-A16E-6E21F07485BF}.Debug|Any CPU.ActiveCfg = Debug|Any CPU
		{EE4F1F3E-5976-4D7A-A16E-6E21F07485BF}.Debug|Any CPU.Build.0 = Debug|Any CPU
		{EE4F1F3E-5976-4D7A-A16E-6E21F07485BF}.Release|Any CPU.ActiveCfg = Release|Any CPU
		{EE4F1F3E-5976-4D7A-A16E-6E21F07485BF}.Release|Any CPU.Build.0 = Release|Any CPU
		{A609D635-CB48-4C25-9687-3CFA6702B06C}.Debug|Any CPU.ActiveCfg = Debug|Any CPU
		{A609D635-CB48-4C25-9687-3CFA6702B06C}.Debug|Any CPU.Build.0 = Debug|Any CPU
		{A609D635-CB48-4C25-9687-3CFA6702B06C}.Release|Any CPU.ActiveCfg = Release|Any CPU
		{A609D635-CB48-4C25-9687-3CFA6702B06C}.Release|Any CPU.Build.0 = Release|Any CPU
		{C54E35DE-DC0F-49C4-9A43-A35A006DF532}.Debug|Any CPU.ActiveCfg = Debug|Any CPU
		{C54E35DE-DC0F-49C4-9A43-A35A006DF532}.Debug|Any CPU.Build.0 = Debug|Any CPU
		{C54E35DE-DC0F-49C4-9A43-A35A006DF532}.Release|Any CPU.ActiveCfg = Release|Any CPU
		{C54E35DE-DC0F-49C4-9A43-A35A006DF532}.Release|Any CPU.Build.0 = Release|Any CPU
		{D1A133CB-6EFE-4D3A-A88D-D8696173DE02}.Debug|Any CPU.ActiveCfg = Debug|Any CPU
		{D1A133CB-6EFE-4D3A-A88D-D8696173DE02}.Debug|Any CPU.Build.0 = Debug|Any CPU
		{D1A133CB-6EFE-4D3A-A88D-D8696173DE02}.Release|Any CPU.ActiveCfg = Release|Any CPU
		{D1A133CB-6EFE-4D3A-A88D-D8696173DE02}.Release|Any CPU.Build.0 = Release|Any CPU
	EndGlobalSection
	GlobalSection(SolutionProperties) = preSolution
		HideSolutionNode = FALSE
	EndGlobalSection
EndGlobal
